
Microsoft Visual Studio Solution File, Format Version 12.00
# Visual Studio Version 17
VisualStudioVersion = 17.2.32630.192
MinimumVisualStudioVersion = 10.0.40219.1
Project("{9A19103F-16F7-4668-BE54-9A1E7A4F7556}") = "Manbet.API", "Manbet.API\Manbet.API.csproj", "{DA8558AC-D1FF-4B57-A2C5-B385507E5F1F}"
EndProject
Project("{9A19103F-16F7-4668-BE54-9A1E7A4F7556}") = "Manbet.Application", "Manbet.Application\Manbet.Application.csproj", "{A97E42F3-1D75-4281-96BC-F5F7D420554F}"
EndProject
Project("{FAE04EC0-301F-11D3-BF4B-00C04F79EFBC}") = "Manbet.Core", "Manbet.Core\Manbet.Core.csproj", "{C60CE2E7-401A-4517-906D-31645A8EA682}"
EndProject
Project("{FAE04EC0-301F-11D3-BF4B-00C04F79EFBC}") = "Manbet.Infrastructure", "Manbet.Infrastructure\Manbet.Infrastructure.csproj", "{5EE6C4B8-6686-4CBD-9353-C0818EF5CFC7}"
EndProject
Global
	GlobalSection(SolutionConfigurationPlatforms) = preSolution
		Debug|Any CPU = Debug|Any CPU
		Release|Any CPU = Release|Any CPU
	EndGlobalSection
	GlobalSection(ProjectConfigurationPlatforms) = postSolution
		{DA8558AC-D1FF-4B57-A2C5-B385507E5F1F}.Debug|Any CPU.ActiveCfg = Debug|Any CPU
		{DA8558AC-D1FF-4B57-A2C5-B385507E5F1F}.Debug|Any CPU.Build.0 = Debug|Any CPU
		{DA8558AC-D1FF-4B57-A2C5-B385507E5F1F}.Release|Any CPU.ActiveCfg = Release|Any CPU
		{DA8558AC-D1FF-4B57-A2C5-B385507E5F1F}.Release|Any CPU.Build.0 = Release|Any CPU
		{A97E42F3-1D75-4281-96BC-F5F7D420554F}.Debug|Any CPU.ActiveCfg = Debug|Any CPU
		{A97E42F3-1D75-4281-96BC-F5F7D420554F}.Debug|Any CPU.Build.0 = Debug|Any CPU
		{A97E42F3-1D75-4281-96BC-F5F7D420554F}.Release|Any CPU.ActiveCfg = Release|Any CPU
		{A97E42F3-1D75-4281-96BC-F5F7D420554F}.Release|Any CPU.Build.0 = Release|Any CPU
		{C60CE2E7-401A-4517-906D-31645A8EA682}.Debug|Any CPU.ActiveCfg = Debug|Any CPU
		{C60CE2E7-401A-4517-906D-31645A8EA682}.Debug|Any CPU.Build.0 = Debug|Any CPU
		{C60CE2E7-401A-4517-906D-31645A8EA682}.Release|Any CPU.ActiveCfg = Release|Any CPU
		{C60CE2E7-401A-4517-906D-31645A8EA682}.Release|Any CPU.Build.0 = Release|Any CPU
		{5EE6C4B8-6686-4CBD-9353-C0818EF5CFC7}.Debug|Any CPU.ActiveCfg = Debug|Any CPU
		{5EE6C4B8-6686-4CBD-9353-C0818EF5CFC7}.Debug|Any CPU.Build.0 = Debug|Any CPU
		{5EE6C4B8-6686-4CBD-9353-C0818EF5CFC7}.Release|Any CPU.ActiveCfg = Release|Any CPU
		{5EE6C4B8-6686-4CBD-9353-C0818EF5CFC7}.Release|Any CPU.Build.0 = Release|Any CPU
	EndGlobalSection
	GlobalSection(SolutionProperties) = preSolution
		HideSolutionNode = FALSE
	EndGlobalSection
	GlobalSection(ExtensibilityGlobals) = postSolution
		SolutionGuid = {7C8DFD8A-3145-4D78-ABD0-3EDCCC844FBA}
	EndGlobalSection
EndGlobal
